# THIS IS AN AUTOGENERATED FILE. DO NOT EDIT THIS FILE DIRECTLY.
# yarn lockfile v1


"@fortawesome/fontawesome-common-types@^0.1.7":
  version "0.1.7"
  resolved "https://registry.yarnpkg.com/@fortawesome/fontawesome-common-types/-/fontawesome-common-types-0.1.7.tgz#4336c4b06d0b5608ff1215464b66fcf9f4795284"
  integrity sha512-ego8jRVSHfq/iq4KRZJKQeUAdi3ZjGNrqw4oPN3fNdvTBnLCSntwVCnc37bsAJP9UB8MhrTfPnZYxkv2vpS4pg==

"@fortawesome/fontawesome-free-brands@^5.0.9":
  version "5.0.13"
  resolved "https://registry.yarnpkg.com/@fortawesome/fontawesome-free-brands/-/fontawesome-free-brands-5.0.13.tgz#4d15ff4e1e862d5e4a4df3654f8e8acbd47e9c09"
  integrity sha512-xC/sEPpfcJPvUbud2GyscLCLQlE2DVBYaTHVwuyVGliYBdYejSEYMINU8FN5A0xhO68yCbpCfMlBv6Gqby+jww==
  dependencies:
    "@fortawesome/fontawesome-common-types" "^0.1.7"

"@fortawesome/fontawesome-free-regular@^5.0.9":
  version "5.0.13"
  resolved "https://registry.yarnpkg.com/@fortawesome/fontawesome-free-regular/-/fontawesome-free-regular-5.0.13.tgz#eb78c30184e3f456a423a1dcfa0f682f7b50de4a"
  integrity sha512-36lz9Idww1L4QaaTcv7GZiOeIP9emJFDUsedvRovI10kmwyd6rN0PKkIjnq0FB4foLhX4Rou8vnbCCmjtqiLug==
  dependencies:
    "@fortawesome/fontawesome-common-types" "^0.1.7"

"@fortawesome/fontawesome-free-solid@^5.0.9":
  version "5.0.13"
  resolved "https://registry.yarnpkg.com/@fortawesome/fontawesome-free-solid/-/fontawesome-free-solid-5.0.13.tgz#24b61aaf471a9d34a5364b052d64a516285ba894"
  integrity sha512-b+krVnqkdDt52Yfev0x0ZZgtxBQsLw00Zfa3uaVWIDzpNZVtrEXuxldUSUaN/ihgGhSNi8VpvDAdNPVgCKOSxw==
  dependencies:
    "@fortawesome/fontawesome-common-types" "^0.1.7"

"@fortawesome/fontawesome@^1.1.5":
  version "1.1.8"
  resolved "https://registry.yarnpkg.com/@fortawesome/fontawesome/-/fontawesome-1.1.8.tgz#75fe66a60f95508160bb16bd781ad7d89b280f5b"
  integrity sha512-c0/MtkPVT0fmiFcCyYoPjkG9PkMOvfrZw2+0BaJ+Rh6UEcK1AR/LaRgrHHjUkbAbs9LXxQJhFS8CJ4uSnK2+JA==
  dependencies:
    "@fortawesome/fontawesome-common-types" "^0.1.7"

block-ui@^2.70.1:
  version "2.70.1"
  resolved "https://registry.yarnpkg.com/block-ui/-/block-ui-2.70.1.tgz#c862d64ee6288fb78123377c6680bc7ab262103f"
  integrity sha1-yGLWTuYoj7eBIzd8ZoC8erJiED8=
  dependencies:
    jquery ">=1.7.x"

blueimp-canvas-to-blob@3.5.0:
  version "3.5.0"
  resolved "https://registry.yarnpkg.com/blueimp-canvas-to-blob/-/blueimp-canvas-to-blob-3.5.0.tgz#5679ac32f6a2835821f0c3ad661719ff85a9236b"
  integrity sha1-VnmsMvaig1gh8MOtZhcZ/4WpI2s=

blueimp-file-upload@^9.32.0:
  version "9.32.0"
  resolved "https://registry.yarnpkg.com/blueimp-file-upload/-/blueimp-file-upload-9.32.0.tgz#c53e1d3ccec8b770639b514ead93ed684982703f"
  integrity sha512-GS68kE4ybcYU7qlsvU8lXygLnebsoRhx68yUyg6n+54TpZDcCK2L7Ra1YS9IYG/t3nQoxS8v2uIuno+YRAfDmw==
  optionalDependencies:
    blueimp-canvas-to-blob "3.5.0"
    blueimp-load-image "2.12.2"
    blueimp-tmpl "3.6.0"

blueimp-load-image@2.12.2:
  version "2.12.2"
  resolved "https://registry.yarnpkg.com/blueimp-load-image/-/blueimp-load-image-2.12.2.tgz#6a17598aab858d4fbf01543e0631141b51057c87"
  integrity sha1-ahdZiquFjU+/AVQ+BjEUG1EFfIc=

blueimp-tmpl@3.6.0:
  version "3.6.0"
  resolved "https://registry.yarnpkg.com/blueimp-tmpl/-/blueimp-tmpl-3.6.0.tgz#a4910975d042e2bc03ba77f0e62d04f1548a524c"
  integrity sha1-pJEJddBC4rwDunfw5i0E8VSKUkw=

bootbox@^5.1.2:
  version "5.1.3"
  resolved "https://registry.yarnpkg.com/bootbox/-/bootbox-5.1.3.tgz#700b4b2619077402a86d163210671a15425eb4cd"
  integrity sha512-bXNPIkFv3Dcgcdg9jj32F8RBWhRyF8hKDtZ8LY15Bk5WQ1+JzpPCi1qh5rwqI4Jjl/8AWLB44z/H7dFJz4Ql2A==
  dependencies:
    bootstrap ">=3.0.0"
    jquery ">=1.9.1"

bootstrap-chosen@^1.4.2:
  version "1.4.2"
  resolved "https://registry.yarnpkg.com/bootstrap-chosen/-/bootstrap-chosen-1.4.2.tgz#d7a184b21ecd952d586982339c60128f8827334d"
  integrity sha1-16GEsh7NlS1YaYIznGASj4gnM00=

bootstrap-datepicker@^1.7.1:
  version "1.9.0"
  resolved "https://registry.yarnpkg.com/bootstrap-datepicker/-/bootstrap-datepicker-1.9.0.tgz#e4bfce3fcce1967876b21dc6833ec5994aaed090"
  integrity sha512-9rYYbaVOheGYxjOr/+bJCmRPihfy+LkLSg4fIFMT9Od8WwWB/MB50w0JO1eBgKUMbb7PFHQD5uAfI3ArAxZRXA==
  dependencies:
    jquery ">=1.7.1 <4.0.0"

bootstrap-daterangepicker@^3.0.3:
  version "3.0.5"
  resolved "https://registry.yarnpkg.com/bootstrap-daterangepicker/-/bootstrap-daterangepicker-3.0.5.tgz#dc10db6b4854cc63ebb5b17dac55edd7318dcbad"
  integrity sha512-WdTNB5ZKCpqZltcRkzeE6Xmwp/b8yPnuwsHfqP5mGP2VIV/kzd/6VuTIKEjuskDcsLAYW38LXGjcSm2TBNRdTw==
  dependencies:
    jquery ">=1.10"
    moment "^2.9.0"

bootstrap-material-design@^4.1.1:
  version "4.1.2"
  resolved "https://registry.yarnpkg.com/bootstrap-material-design/-/bootstrap-material-design-4.1.2.tgz#d6f282f1248c6ce2959c69ca86afe113ee128e88"
  integrity sha512-hKeUkOM6g2DqpktvEMHrIDpQ5qupV4DSeKlJSJ60tLFQ+8tPlszVCa3JVLTV+ZFbJRMb0UA6UWTsnjW57kYNeg==

"bootstrap-tabdrop@https://github.com/jmschabdach/bootstrap-tabdrop":
  version "0.0.0"
  resolved "https://github.com/jmschabdach/bootstrap-tabdrop#1eb8b8aeaa79d7ca211059daff7981c9908327a1"

bootstrap@>=3.0.0, bootstrap@^4.1.3:
  version "4.3.1"
  resolved "https://registry.yarnpkg.com/bootstrap/-/bootstrap-4.3.1.tgz#280ca8f610504d99d7b6b4bfc4b68cec601704ac"
  integrity sha512-rXqOmH1VilAt2DyPzluTi2blhk17bO7ef+zLLPlWvG494pDxcM234pJ8wTc/6R40UWizAIIMgxjvxZg5kmsbag==

chart.js@>2.7.0, chart.js@^2.8.0:
  version "2.8.0"
  resolved "https://registry.yarnpkg.com/chart.js/-/chart.js-2.8.0.tgz#b703b10d0f4ec5079eaefdcd6ca32dc8f826e0e9"
  integrity sha512-Di3wUL4BFvqI5FB5K26aQ+hvWh8wnP9A3DWGvXHVkO13D3DSnaSsdZx29cXlEsYKVkn1E2az+ZYFS4t0zi8x0w==
  dependencies:
    chartjs-color "^2.1.0"
    moment "^2.10.2"

chartjs-color-string@^0.6.0:
  version "0.6.0"
  resolved "https://registry.yarnpkg.com/chartjs-color-string/-/chartjs-color-string-0.6.0.tgz#1df096621c0e70720a64f4135ea171d051402f71"
  integrity sha512-TIB5OKn1hPJvO7JcteW4WY/63v6KwEdt6udfnDE9iCAZgy+V4SrbSxoIbTw/xkUIapjEI4ExGtD0+6D3KyFd7A==
  dependencies:
    color-name "^1.0.0"

chartjs-color@^2.1.0:
  version "2.3.0"
  resolved "https://registry.yarnpkg.com/chartjs-color/-/chartjs-color-2.3.0.tgz#0e7e1e8dba37eae8415fd3db38bf572007dd958f"
  integrity sha512-hEvVheqczsoHD+fZ+tfPUE+1+RbV6b+eksp2LwAhwRTVXEjCSEavvk+Hg3H6SZfGlPh/UfmWKGIvZbtobOEm3g==
  dependencies:
    chartjs-color-string "^0.6.0"
    color-convert "^0.5.3"

chartjs-plugin-datalabels@^0.6.0:
  version "0.6.0"
  resolved "https://registry.yarnpkg.com/chartjs-plugin-datalabels/-/chartjs-plugin-datalabels-0.6.0.tgz#cbbb4a3429c9fdfa88b974d46b5363b2d095f339"
  integrity sha512-3APqqeqVHlxjusTO0hETfNjq9HWCISLkjxQfAKgbnTfjZe60knOzVxDAgLGnpRvnzQvZUtwSlnJX2MHIuIUe8w==

chartjs-plugin-funnel@^1.1.2:
  version "1.1.2"
  resolved "https://registry.yarnpkg.com/chartjs-plugin-funnel/-/chartjs-plugin-funnel-1.1.2.tgz#236b510b9eb8b063557e097a5bed2f08b350d3d8"
  integrity sha1-I2tRC564sGNVfgl6W+0vCLNQ09g=
  dependencies:
    chart.js ">2.7.0"

chosen-js@^1.8.7:
  version "1.8.7"
  resolved "https://registry.yarnpkg.com/chosen-js/-/chosen-js-1.8.7.tgz#9bfa5597f5081d602ff4ae904af9aef33265bb1d"
  integrity sha512-eVdrZJ2U5ISdObkgsi0od5vIJdLwq1P1Xa/Vj/mgxkMZf14DlgobfB6nrlFi3kW4kkvKLsKk4NDqZj1MU1DCpw==

"clockpicker@https://github.com/YetiForceCompany/clockpicker#master":
  version "0.0.7"
  resolved "https://github.com/YetiForceCompany/clockpicker#3e0cafce699640f0060d445d8a76038ae63e7b63"

color-convert@^0.5.3:
  version "0.5.3"
  resolved "https://registry.yarnpkg.com/color-convert/-/color-convert-0.5.3.tgz#bdb6c69ce660fadffe0b0007cc447e1b9f7282bd"
  integrity sha1-vbbGnOZg+t/+CwAHzER+G59ygr0=

color-name@^1.0.0:
  version "1.1.4"
  resolved "https://registry.yarnpkg.com/color-name/-/color-name-1.1.4.tgz#c2a09a87acbde69543de6f63fa3995c826c536a2"
  integrity sha512-dOy+3AuW3a2wNbZHIuMZpTcgjGuLU/uBL/ubcZF9OXbDo8ff4O8yVp5Bf0efS8uEoYo5q4Fx7dY9OgQGXgAsQA==

datatables.net-bs4@^1.10.15, datatables.net-bs4@^1.10.19:
  version "1.10.19"
  resolved "https://registry.yarnpkg.com/datatables.net-bs4/-/datatables.net-bs4-1.10.19.tgz#0608dff22008cf3c7b8a68b1bc702ed255b404fb"
  integrity sha512-pgeP17w4aPR7HIxIwuJghfqXULjdg1K6xMUUKDyCERJRSNNK4MRToFfELtIsluLNN555YBK4Kx8nihX5/ZT1Fw==
  dependencies:
    datatables.net "1.10.19"
    jquery ">=1.7"

datatables.net-responsive-bs4@^2.2.3:
  version "2.2.3"
  resolved "https://registry.yarnpkg.com/datatables.net-responsive-bs4/-/datatables.net-responsive-bs4-2.2.3.tgz#639de17c1d31210ebf2b3c25f1c774c13f729e94"
  integrity sha512-SQaWI0uLuPcaiBBin9zX+MuQfTSIkK1bYxbXqUV6NLkHCVa6PMQK7Rvftj0ywG4R7uOtjbzY8nSVqxEKvQI0Vg==
  dependencies:
    datatables.net-bs4 "^1.10.15"
    datatables.net-responsive "2.2.3"
    jquery ">=1.7"

datatables.net-responsive@2.2.3:
  version "2.2.3"
  resolved "https://registry.yarnpkg.com/datatables.net-responsive/-/datatables.net-responsive-2.2.3.tgz#50a2b1b4955b16b32f573a3f00f473b0bfbee913"
  integrity sha512-8D6VtZcyuH3FG0Hn5A4LPZQEOX3+HrRFM7HjpmsQc/nQDBbdeBLkJX4Sh/o1nzFTSneuT1Wh/lYZHVPpjcN+Sw==
  dependencies:
    datatables.net "^1.10.15"
    jquery ">=1.7"

datatables.net@1.10.19:
  version "1.10.19"
  resolved "https://registry.yarnpkg.com/datatables.net/-/datatables.net-1.10.19.tgz#97a1ed41c85e62d61040603481b59790a172dd1f"
  integrity sha512-+ljXcI6Pj3PTGy5pesp3E5Dr3x3AV45EZe0o1r0gKENN2gafBKXodVnk2ypKwl2tTmivjxbkiqoWnipTefyBTA==
  dependencies:
    jquery ">=1.7"

datatables.net@^1.10.15, datatables.net@^1.10.20:
  version "1.10.20"
  resolved "https://registry.yarnpkg.com/datatables.net/-/datatables.net-1.10.20.tgz#9d65ecc3c83cbe7baa4fa5a053405c8fe42c1350"
  integrity sha512-4E4S7tTU607N3h0fZPkGmAtr9mwy462u+VJ6gxYZ8MxcRIjZqHy3Dv1GNry7i3zQCktTdWbULVKBbkAJkuHEnQ==
  dependencies:
    jquery ">=1.7"

html5shiv@^3.7.3:
  version "3.7.3"
  resolved "https://registry.yarnpkg.com/html5shiv/-/html5shiv-3.7.3.tgz#d78a84a367bcb9a710100d57802c387b084631d2"
  integrity sha1-14qEo2e8uacQEA1XgCw4ewhGMdI=

inputmask@^4.0:
  version "4.0.8"
  resolved "https://registry.yarnpkg.com/inputmask/-/inputmask-4.0.8.tgz#876d3209782df079ab69d4c7379767a45ef5762a"
  integrity sha512-y7TbHasd4tGgOxk1PBF6zZLBzfKt3a5qySF3KuKVNaeuptDpp52jhYOmw1tBJwRxrpJ4s+BOFmWKYsQqjp+r/w==

"jQuery-Validation-Engine@https://github.com/YetiForceCompany/jQuery-Validation-Engine#master":
  version "0.0.0"
  resolved "https://github.com/YetiForceCompany/jQuery-Validation-Engine#4e4a37d1473875aa79b6cf0598826a7a1760f714"

jquery.class.js@^1.0.0:
  version "1.0.0"
  resolved "https://registry.yarnpkg.com/jquery.class.js/-/jquery.class.js-1.0.0.tgz#43616c36d76eff36caf2139ddacda621aa24ed30"
  integrity sha1-Q2FsNtdu/zbK8hOd2s2mIaok7TA=

jquery@>3.0.0, jquery@>=1.10, jquery@>=1.7, "jquery@>=1.7.1 <4.0.0", jquery@>=1.7.x, jquery@>=1.9.1:
  version "3.4.1"
  resolved "https://registry.yarnpkg.com/jquery/-/jquery-3.4.1.tgz#714f1f8d9dde4bdfa55764ba37ef214630d80ef2"
  integrity sha512-36+AdBzCL+y6qjw5Tx7HgzeGCzC81MDDgaUP8ld2zhx58HdqXGoBd+tHdrBMiyjGQs0Hxs/MLZTu/eHNJJuWPw==

jstree-bootstrap-theme@^1.0.1:
  version "1.0.1"
  resolved "https://registry.yarnpkg.com/jstree-bootstrap-theme/-/jstree-bootstrap-theme-1.0.1.tgz#7d5edc73a846e8da7f94f57a1cc5ddee9d9eab4b"
  integrity sha1-fV7cc6hG6Np/lPV6HMXd7p2eq0s=
  dependencies:
    jquery ">=1.9.1"

jstree@^3.3.7:
  version "3.3.8"
  resolved "https://registry.yarnpkg.com/jstree/-/jstree-3.3.8.tgz#8d0f506028d65e5207efa7b78e6541cbe35622c1"
  integrity sha512-0/nhGxVLSGfGQyVg+q59ocqSEKWRDKHoA8wNrcOIvlzCCw19tzvcMNGJ19hf+U0b7fycABowkny7fQPcLgUwwA==
  dependencies:
    jquery ">=1.9.1"

moment@^2.10.2, moment@^2.24.0, moment@^2.9.0:
  version "2.24.0"
  resolved "https://registry.yarnpkg.com/moment/-/moment-2.24.0.tgz#0d055d53f5052aa653c9f6eb68bb5d12bf5c2b5b"
  integrity sha512-bV7f+6l2QigeBBZSM/6yTNq4P2fNpSWj/0e7jQcy87A8e7o2nAfP/34/2ky5Vw4B9S446EtIhodAzkFCcR4dQg==

perfect-scrollbar@^1.3.0:
  version "1.4.0"
  resolved "https://registry.yarnpkg.com/perfect-scrollbar/-/perfect-scrollbar-1.4.0.tgz#5d014ef9775e1f43058a1dbae9ed1daf0e7091f1"
  integrity sha512-/2Sk/khljhdrsamjJYS5NjrH+GKEHEwh7zFSiYyxROyYKagkE4kSn2zDQDRTOMo8mpT2jikxx6yI1dG7lNP/hw==

pnotify@^4.0.0:
  version "4.0.0"
  resolved "https://registry.yarnpkg.com/pnotify/-/pnotify-4.0.0.tgz#22b29ae91f0f4727cb3caf137411d0e3777a8017"
  integrity sha512-Fs3xlxmnlgXjUdM3xFfImfkLh5RmTgfRyPS5yT43w0OIrVULbGu1g3mpiH9H2nlAZ5dFEJRqh43sQXl/mVW6yA==

popper.js@^1.14.4:
  version "1.15.0"
  resolved "https://registry.yarnpkg.com/popper.js/-/popper.js-1.15.0.tgz#5560b99bbad7647e9faa475c6b8056621f5a4ff2"
  integrity sha512-w010cY1oCUmI+9KwwlWki+r5jxKfTFDVoadl7MSrIujHU5MJ5OR6HTDj6Xo8aoR/QsA56x8jKjA59qGH4ELtrA==

respond.js@^1.4.2:
  version "1.4.2"
  resolved "https://registry.yarnpkg.com/respond.js/-/respond.js-1.4.2.tgz#fd5c07450acce6090916d8d090b86b672dd9748b"
  integrity sha1-/VwHRQrM5gkJFtjQkLhrZy3ZdIs=

sass-material-colors@^0.0.5:
  version "0.0.5"
  resolved "https://registry.yarnpkg.com/sass-material-colors/-/sass-material-colors-0.0.5.tgz#b944539236c94e2d4ece35d2ee3fa22f10b2ed43"
  integrity sha1-uURTkjbJTi1OzjXS7j+iLxCy7UM=

select2-theme-bootstrap4@^0.2.0-beta.2:
  version "0.2.0-beta.3"
  resolved "https://registry.yarnpkg.com/select2-theme-bootstrap4/-/select2-theme-bootstrap4-0.2.0-beta.3.tgz#ddaf572aeb8709fa55985da7c9005c7396738366"
  integrity sha512-M/E+n6M5jLxG6gt2hcVntvhs5YP6cQtIeDU9DJRFYCB1egD25h62gD8SBeokf43S2traTdQriL1THy6vbfNepQ==

select2@^4.0.8:
  version "4.0.12"
  resolved "https://registry.yarnpkg.com/select2/-/select2-4.0.12.tgz#9c0492d4d06948f2bd079f6e14718a41c7eaa60e"
  integrity sha512-mbXC05AvjCboZcRlgJqN4mlI2qmqshpRC76sKNAdxS1lPLOh2m/NTyfL6xsvGoY6eIhjaya4dbumN99MudVQ2w==
