# THIS IS AN AUTOGENERATED FILE. DO NOT EDIT THIS FILE DIRECTLY.
# yarn lockfile v1


"@fortawesome/fontawesome-free@^5.8.2":
  version "5.15.3"
  resolved "https://registry.yarnpkg.com/@fortawesome/fontawesome-free/-/fontawesome-free-5.15.3.tgz#c36ffa64a2a239bf948541a97b6ae8d729e09a9a"
  integrity sha512-rFnSUN/QOtnOAgqFRooTA3H57JLDm0QEG/jPdk+tLQNL/eWd+Aok8g3qCI+Q1xuDPWpGW/i9JySpJVsq8Q0s9w==

"@mdi/font@^5.0.0":
  version "5.9.55"
  resolved "https://registry.yarnpkg.com/@mdi/font/-/font-5.9.55.tgz#41acd50b88073ded7095fc3029d8712b6e12f38e"
  integrity sha512-jswRF6q3eq8NWpWiqct6q+6Fg/I7nUhrxYJfiEM8JJpap0wVJLQdbKtyS65GdlK7S7Ytnx3TTi/bmw+tBhkGmg==

"@pnotify/bootstrap4@^5":
  version "5.2.0"
  resolved "https://registry.yarnpkg.com/@pnotify/bootstrap4/-/bootstrap4-5.2.0.tgz#8e321c4b1228f6cedafcc04580cbde7ed6ad55a0"
  integrity sha512-yjHCpUEAm64BrgGvrjL4+iPrwRkmVU5hL9khjruImFr29oXlA7dufzK1kIapFKNcUpLmu5izfcWHIfqf3rPBuQ==
  dependencies:
    "@pnotify/core" "^5.2.0"

"@pnotify/confirm@^5":
  version "5.2.0"
  resolved "https://registry.yarnpkg.com/@pnotify/confirm/-/confirm-5.2.0.tgz#232312b058e399140d28090c69bcff4e8d1275da"
  integrity sha512-lGiuPu2arjdysjQVrAMLZxGcP3T6+5U5MVzVmA8SjVl9L67mIqcg7EzW1YNwNQynnXVOyWrTLHaI3LeCe2ixag==
  dependencies:
    "@pnotify/core" "^5.2.0"

"@pnotify/core@^5", "@pnotify/core@^5.2.0":
  version "5.2.0"
  resolved "https://registry.yarnpkg.com/@pnotify/core/-/core-5.2.0.tgz#fac2b1ab9b8cdad809c8bd82f169e6a9066d78cf"
  integrity sha512-d9ZM7Q6ZxuwTJ14QbOa7pWmoUqObPis7S1K+TzISffrL8w2f7JigEPI281agLShVAMIsE5SsC6O9YhkutwekbA==

"@pnotify/desktop@^5":
  version "5.2.0"
  resolved "https://registry.yarnpkg.com/@pnotify/desktop/-/desktop-5.2.0.tgz#ae2b17364fbf922bbd2506d34c8c7094a904218a"
  integrity sha512-pJ5wBpZWoALO6H7lh04euS9UDQ6b/ZkJXkIP90GhzeeW5drPNKJRCLnLnDGvGCdxnH7ZkXoL9Ez+KtL0V6+joA==
  dependencies:
    "@pnotify/core" "^5.2.0"

"@pnotify/font-awesome5@^5":
  version "5.2.0"
  resolved "https://registry.yarnpkg.com/@pnotify/font-awesome5/-/font-awesome5-5.2.0.tgz#8c6e9caed816e67b98d45c9c55024237b5b45fcb"
  integrity sha512-zeUIQHhaCTfqITcsRFn1c7+RGny1hDt+YevNWNzAnw+D97YrYZPdMTHtjjtskbwMEa0xK+vtr1Jskggz3fqWpg==
  dependencies:
    "@pnotify/core" "^5.2.0"

"@pnotify/mobile@^5":
  version "5.2.0"
  resolved "https://registry.yarnpkg.com/@pnotify/mobile/-/mobile-5.2.0.tgz#ba5475383c1475832636e5e838a07529b589b1c3"
  integrity sha512-uu0V7h41Y8UTQA6ZB26PcHU7wHu5nwP/FEmMyimHEpEqhrvkzIRD2CxB7zu9SYp3Jk2NFcJC3NiueO3Kh25CVA==
  dependencies:
    "@pnotify/core" "^5.2.0"

block-ui@^2.70.1:
  version "2.70.1"
  resolved "https://registry.yarnpkg.com/block-ui/-/block-ui-2.70.1.tgz#c862d64ee6288fb78123377c6680bc7ab262103f"
  integrity sha1-yGLWTuYoj7eBIzd8ZoC8erJiED8=
  dependencies:
    jquery ">=1.7.x"

blueimp-canvas-to-blob@3:
  version "3.28.0"
  resolved "https://registry.yarnpkg.com/blueimp-canvas-to-blob/-/blueimp-canvas-to-blob-3.28.0.tgz#c8ab4dc6bb08774a7f273798cdf94b0776adf6c8"
  integrity sha512-5q+YHzgGsuHQ01iouGgJaPJXod2AzTxJXmVv90PpGrRxU7G7IqgPqWXz+PBmt3520jKKi6irWbNV87DicEa7wg==

blueimp-file-upload@^10.6.0:
  version "10.31.0"
  resolved "https://registry.yarnpkg.com/blueimp-file-upload/-/blueimp-file-upload-10.31.0.tgz#46fc4fea4e678b57afbd9008f179e59fc3aa3e84"
  integrity sha512-dGAxOf9+SsMDvZPTsIUpe0cOk57taMJYE3FocHEUebhn5BnDbu1hcWOmrP8oswIe6V61Qcm9UDuhq/Pv1t/eRw==
  optionalDependencies:
    blueimp-canvas-to-blob "3"
    blueimp-load-image "5"
    blueimp-tmpl "3"

blueimp-load-image@5:
  version "5.14.0"
  resolved "https://registry.yarnpkg.com/blueimp-load-image/-/blueimp-load-image-5.14.0.tgz#e8086415e580df802c33ff0da6b37a8d20205cc6"
  integrity sha512-g5l+4dCOESBG8HkPLdGnBx8dhEwpQHaOZ0en623sl54o3bGhGMLYGc54L5cWfGmPvfKUjbsY7LOAmcW/xlkBSA==

blueimp-tmpl@3:
  version "3.19.0"
  resolved "https://registry.yarnpkg.com/blueimp-tmpl/-/blueimp-tmpl-3.19.0.tgz#1160f79c4ce55bd82d25cfa3df7db116f8d1df62"
  integrity sha512-v8/Vge6U3uwlAjO9TxeHoYl77C1GJDZBN45pUp+39WyHU/VRzYbnGDhRNYvcT6Lh8jihVsXNZttnDpnYVA4m9w==

bootbox@^5.4.0:
  version "5.5.2"
  resolved "https://registry.yarnpkg.com/bootbox/-/bootbox-5.5.2.tgz#a4200aa03f12ffe4d07905834e9dfb76e52cee00"
  integrity sha512-q8d9VO2A4+q6S0XvovLtqtBUp7uRy0wtDOuuycnoheK2TiAm3um0jOlAOu9ORn9XoT92tdil+p15Dle1mRgSPQ==
  dependencies:
    bootstrap "^4.4.0"
    jquery "^3.5.1"
    popper.js "^1.16.0"

bootstrap-chosen@^1.4.2:
  version "1.4.2"
  resolved "https://registry.yarnpkg.com/bootstrap-chosen/-/bootstrap-chosen-1.4.2.tgz#d7a184b21ecd952d586982339c60128f8827334d"
  integrity sha1-16GEsh7NlS1YaYIznGASj4gnM00=

bootstrap-datepicker@^1.9.0:
  version "1.9.0"
  resolved "https://registry.yarnpkg.com/bootstrap-datepicker/-/bootstrap-datepicker-1.9.0.tgz#e4bfce3fcce1967876b21dc6833ec5994aaed090"
  integrity sha512-9rYYbaVOheGYxjOr/+bJCmRPihfy+LkLSg4fIFMT9Od8WwWB/MB50w0JO1eBgKUMbb7PFHQD5uAfI3ArAxZRXA==
  dependencies:
    jquery ">=1.7.1 <4.0.0"

bootstrap-daterangepicker@^3.0.4:
  version "3.1.0"
  resolved "https://registry.yarnpkg.com/bootstrap-daterangepicker/-/bootstrap-daterangepicker-3.1.0.tgz#632e6fb2de4b6360c5c0a9d5f6adb9aace051fe8"
  integrity sha512-oaQZx6ZBDo/dZNyXGVi2rx5GmFXThyQLAxdtIqjtLlYVaQUfQALl5JZMJJZzyDIX7blfy4ppZPAJ10g8Ma4d/g==
  dependencies:
    jquery ">=1.10"
    moment "^2.9.0"

"bootstrap-tabdrop@https://github.com/jmschabdach/bootstrap-tabdrop":
  version "0.0.0"
  resolved "https://github.com/jmschabdach/bootstrap-tabdrop#1eb8b8aeaa79d7ca211059daff7981c9908327a1"

bootstrap@^4.3.1, bootstrap@^4.4.0:
  version "4.6.0"
  resolved "https://registry.yarnpkg.com/bootstrap/-/bootstrap-4.6.0.tgz#97b9f29ac98f98dfa43bf7468262d84392552fd7"
  integrity sha512-Io55IuQY3kydzHtbGvQya3H+KorS/M9rSNyfCGCg9WZ4pyT/lCxIlpJgG1GXW/PswzC84Tr2fBYi+7+jFVQQBw==

chart.js@>2.7.0:
  version "3.2.1"
  resolved "https://registry.yarnpkg.com/chart.js/-/chart.js-3.2.1.tgz#1a17d6a88cef324ef711949e227eb51d6c4c26d3"
  integrity sha512-XsNDf3854RGZkLCt+5vWAXGAtUdKP2nhfikLGZqud6G4CvRE2ts64TIxTTfspOin2kEZvPgomE29E6oU02dYjQ==

chart.js@^2.9.4:
  version "2.9.4"
  resolved "https://registry.yarnpkg.com/chart.js/-/chart.js-2.9.4.tgz#0827f9563faffb2dc5c06562f8eb10337d5b9684"
  integrity sha512-B07aAzxcrikjAPyV+01j7BmOpxtQETxTSlQ26BEYJ+3iUkbNKaOJ/nDbT6JjyqYxseM0ON12COHYdU2cTIjC7A==
  dependencies:
    chartjs-color "^2.1.0"
    moment "^2.10.2"

chartjs-color-string@^0.6.0:
  version "0.6.0"
  resolved "https://registry.yarnpkg.com/chartjs-color-string/-/chartjs-color-string-0.6.0.tgz#1df096621c0e70720a64f4135ea171d051402f71"
  integrity sha512-TIB5OKn1hPJvO7JcteW4WY/63v6KwEdt6udfnDE9iCAZgy+V4SrbSxoIbTw/xkUIapjEI4ExGtD0+6D3KyFd7A==
  dependencies:
    color-name "^1.0.0"

chartjs-color@^2.1.0:
  version "2.4.1"
  resolved "https://registry.yarnpkg.com/chartjs-color/-/chartjs-color-2.4.1.tgz#6118bba202fe1ea79dd7f7c0f9da93467296c3b0"
  integrity sha512-haqOg1+Yebys/Ts/9bLo/BqUcONQOdr/hoEr2LLTRl6C5LXctUdHxsCYfvQVg5JIxITrfCNUDr4ntqmQk9+/0w==
  dependencies:
    chartjs-color-string "^0.6.0"
    color-convert "^1.9.3"

chartjs-plugin-datalabels@^0.7.0:
  version "0.7.0"
  resolved "https://registry.yarnpkg.com/chartjs-plugin-datalabels/-/chartjs-plugin-datalabels-0.7.0.tgz#f72e44edb2db45ef68913e9320bcc50398a205e6"
  integrity sha512-PKVUX14nYhH0wcdCpgOoC39Gbzvn6cZ7O9n+bwc02yKD9FTnJ7/TSrBcfebmolFZp1Rcicr9xbT0a5HUbigS7g==

chartjs-plugin-funnel@^1.1.5:
  version "1.1.5"
  resolved "https://registry.yarnpkg.com/chartjs-plugin-funnel/-/chartjs-plugin-funnel-1.1.5.tgz#45f262d5a1f322be326692fdde2a730a43fc21d2"
  integrity sha512-iblHmQ+8ApfVLaWPVRM7+4GAzCIGyKh540rhEpUcjtmDgKdKkHQ9KNqm3QEEpHAWlb4RUWWIdI1dCDRHXxiLSw==
  dependencies:
    chart.js ">2.7.0"

chosen-js@^1.8.7:
  version "1.8.7"
  resolved "https://registry.yarnpkg.com/chosen-js/-/chosen-js-1.8.7.tgz#9bfa5597f5081d602ff4ae904af9aef33265bb1d"
  integrity sha512-eVdrZJ2U5ISdObkgsi0od5vIJdLwq1P1Xa/Vj/mgxkMZf14DlgobfB6nrlFi3kW4kkvKLsKk4NDqZj1MU1DCpw==

"clockpicker@https://github.com/djibe/clockpicker#gh-pages":
  version "0.0.7"
  resolved "https://github.com/djibe/clockpicker#a9adcd84895807df5b429781d56d5b5a7c1c7637"

color-convert@^1.9.3:
  version "1.9.3"
  resolved "https://registry.yarnpkg.com/color-convert/-/color-convert-1.9.3.tgz#bb71850690e1f136567de629d2d5471deda4c1e8"
  integrity sha512-QfAUtd+vFdAtFQcC8CCyYt1fYWxSqAiK2cSD6zDB8N3cpsEBAvRxp9zOGg6G/SHHJYAT88/az/IuDGALsNVbGg==
  dependencies:
    color-name "1.1.3"

color-name@1.1.3:
  version "1.1.3"
  resolved "https://registry.yarnpkg.com/color-name/-/color-name-1.1.3.tgz#a7d0558bd89c42f795dd42328f740831ca53bc25"
  integrity sha1-p9BVi9icQveV3UIyj3QIMcpTvCU=

color-name@^1.0.0:
  version "1.1.4"
  resolved "https://registry.yarnpkg.com/color-name/-/color-name-1.1.4.tgz#c2a09a87acbde69543de6f63fa3995c826c536a2"
  integrity sha512-dOy+3AuW3a2wNbZHIuMZpTcgjGuLU/uBL/ubcZF9OXbDo8ff4O8yVp5Bf0efS8uEoYo5q4Fx7dY9OgQGXgAsQA==

datatables.net-bs4@^1.10.15, datatables.net-bs4@^1.10.23:
  version "1.10.24"
  resolved "https://registry.yarnpkg.com/datatables.net-bs4/-/datatables.net-bs4-1.10.24.tgz#4b2ca1717e6dc06fd5b53a20015151f381473eb3"
  integrity sha512-NgjQMqCo5pg49c5TWsc78UYhcvWPAFkZ7qH4yKAb1e0eLNCAo+TLeaIsDiAPpcWwP7xpjdAmZIIbXDpspNTCkg==
  dependencies:
    datatables.net "1.10.24"
    jquery ">=1.7"

datatables.net-responsive-bs4@^2.2.3:
  version "2.2.7"
  resolved "https://registry.yarnpkg.com/datatables.net-responsive-bs4/-/datatables.net-responsive-bs4-2.2.7.tgz#93ad53d9ee7613324b25d014647d4ef685836fd6"
  integrity sha512-RI2IeX9gk0mfmQOhlPF7xpEA7p7DavdCy3W0NrL9iZnE83xAYtJeKE5MFz7jt0XmOTUu2P93rGn+jJQwSWto2Q==
  dependencies:
    datatables.net-bs4 "^1.10.15"
    datatables.net-responsive "2.2.7"
    jquery ">=1.7"

datatables.net-responsive@2.2.7:
  version "2.2.7"
  resolved "https://registry.yarnpkg.com/datatables.net-responsive/-/datatables.net-responsive-2.2.7.tgz#12e93deab8e8aebf4a2bc45b266c00d2662a5ced"
  integrity sha512-pjZcR+AHa0GE++giRhMBSxFLKrfjP+X7etj7oZMMfMTi1gcdYdM8YP3gmpEyfLjDEg6uPJb9PRH4mQHcc8OYyA==
  dependencies:
    datatables.net "^1.10.15"
    jquery ">=1.7"

datatables.net@1.10.24, datatables.net@^1.10.15, datatables.net@^1.10.23:
  version "1.10.24"
  resolved "https://registry.yarnpkg.com/datatables.net/-/datatables.net-1.10.24.tgz#370e02f1e201de8334fdc92e7515c1624191573c"
  integrity sha512-CwXixvOdinvBCLXvcTloDinWiEM7Geaz+GwyjPrZL+MXIGPcLv4Op1bbWn8ErsI1JWMIWC8Cuf1rnDU2RrFV5w==
  dependencies:
    jquery ">=1.7"

html5shiv@^3.7.3:
  version "3.7.3"
  resolved "https://registry.yarnpkg.com/html5shiv/-/html5shiv-3.7.3.tgz#d78a84a367bcb9a710100d57802c387b084631d2"
  integrity sha1-14qEo2e8uacQEA1XgCw4ewhGMdI=

inputmask@^5.0.2:
  version "5.0.5"
  resolved "https://registry.yarnpkg.com/inputmask/-/inputmask-5.0.5.tgz#93af99c35fc108d590e9bbd3ec6cc9b9a2e7c2ed"
  integrity sha512-9gqau4tb0oaxYiymLC43KU/aAXHVofya7ilGIxqKONbSh7LNKRHmpw6mhuH2D4yykRlcNhS9zI/FOsrAQmltQA==

"jQuery-Validation-Engine@https://github.com/YetiForceCompany/jQuery-Validation-Engine#master":
  version "3.1.1"
  resolved "https://github.com/YetiForceCompany/jQuery-Validation-Engine#cbac005de19ea379a709d82a6fd9c6e94e9377f5"
  dependencies:
    jquery ">=1.6"

jquery.class.js@^1.0.0:
  version "1.0.0"
  resolved "https://registry.yarnpkg.com/jquery.class.js/-/jquery.class.js-1.0.0.tgz#43616c36d76eff36caf2139ddacda621aa24ed30"
  integrity sha1-Q2FsNtdu/zbK8hOd2s2mIaok7TA=

jquery@>=1.10, jquery@>=1.6, jquery@>=1.7, "jquery@>=1.7.1 <4.0.0", jquery@>=1.7.x, jquery@>=1.9.1, jquery@^3.5, jquery@^3.5.1:
  version "3.6.0"
  resolved "https://registry.yarnpkg.com/jquery/-/jquery-3.6.0.tgz#c72a09f15c1bdce142f49dbf1170bdf8adac2470"
  integrity sha512-JVzAR/AjBvVt2BmYhxRCSYysDsPcssdmTFnzyLEts9qNwmjmu4JTAMYubEfwVOSwpQ1I1sKKFcxhZCI2buerfw==

jstree-bootstrap-theme@^1.0.1:
  version "1.0.1"
  resolved "https://registry.yarnpkg.com/jstree-bootstrap-theme/-/jstree-bootstrap-theme-1.0.1.tgz#7d5edc73a846e8da7f94f57a1cc5ddee9d9eab4b"
  integrity sha1-fV7cc6hG6Np/lPV6HMXd7p2eq0s=
  dependencies:
    jquery ">=1.9.1"

jstree@^3.3.7:
  version "3.3.11"
  resolved "https://registry.yarnpkg.com/jstree/-/jstree-3.3.11.tgz#da2f12bcab6af61839586c81db46e8f2e19160aa"
  integrity sha512-9ZJKroPjCyjb6JLPuAbBrLJKT6pS1f4m5gkwoEagG5oQWtvzm0IiDsntXTxeFtz7AmqrKfij+gLfF9MgWriNxg==
  dependencies:
    jquery ">=1.9.1"

moment@^2.10.2, moment@^2.23.0, moment@^2.9.0:
  version "2.29.1"
  resolved "https://registry.yarnpkg.com/moment/-/moment-2.29.1.tgz#b2be769fa31940be9eeea6469c075e35006fa3d3"
  integrity sha512-kHmoybcPV8Sqy59DwNDY3Jefr64lK/by/da0ViFcuA4DH0vQg5Q6Ze5VimxkfQNSC+Mls/Kx53s7TjP1RhFEDQ==

perfect-scrollbar@^1.3.0:
  version "1.5.0"
  resolved "https://registry.yarnpkg.com/perfect-scrollbar/-/perfect-scrollbar-1.5.0.tgz#821d224ed8ff61990c23f26db63048cdc75b6b83"
  integrity sha512-NrNHJn5mUGupSiheBTy6x+6SXCFbLlm8fVZh9moIzw/LgqElN5q4ncR4pbCBCYuCJ8Kcl9mYM0NgDxvW+b4LxA==

popper.js@^1.15.0, popper.js@^1.16.0:
  version "1.16.1"
  resolved "https://registry.yarnpkg.com/popper.js/-/popper.js-1.16.1.tgz#2a223cb3dc7b6213d740e40372be40de43e65b1b"
  integrity sha512-Wb4p1J4zyFTbM+u6WuO4XstYx4Ky9Cewe4DWrel7B0w6VVICvPwdOpotjzcf6eD8TsckVnIMNONQyPIUFOUbCQ==

respond.js@^1.4.2:
  version "1.4.2"
  resolved "https://registry.yarnpkg.com/respond.js/-/respond.js-1.4.2.tgz#fd5c07450acce6090916d8d090b86b672dd9748b"
  integrity sha1-/VwHRQrM5gkJFtjQkLhrZy3ZdIs=

sass-material-colors@^0.0.5:
  version "0.0.5"
  resolved "https://registry.yarnpkg.com/sass-material-colors/-/sass-material-colors-0.0.5.tgz#b944539236c94e2d4ece35d2ee3fa22f10b2ed43"
  integrity sha1-uURTkjbJTi1OzjXS7j+iLxCy7UM=

select2-theme-bootstrap4@^1.0.0:
  version "1.0.0"
  resolved "https://registry.yarnpkg.com/select2-theme-bootstrap4/-/select2-theme-bootstrap4-1.0.0.tgz#dfed2b252d36089ba7145121f5134e8fe2842a73"
  integrity sha512-WJH1GMnHir+/EnW7ANZq2VfmRGXWNEySPULQ+zCcVRyVs3B1qyLZ0XFflZNo1FlbxYxBsIQH6QsqnNEyNudU1g==

select2@^4.0.8:
  version "4.0.13"
  resolved "https://registry.yarnpkg.com/select2/-/select2-4.0.13.tgz#0dbe377df3f96167c4c1626033e924372d8ef44d"
  integrity sha512-1JeB87s6oN/TDxQQYCvS5EFoQyvV6eYMZZ0AeA4tdFDYWN3BAGZ8npr17UBFddU0lgAt3H0yjX3X6/ekOj1yjw==
